
Microsoft Visual Studio Solution File, Format Version 12.00
# Visual Studio Version 16
VisualStudioVersion = 16.0.29609.76
MinimumVisualStudioVersion = 10.0.40219.1
Project("{FAE04EC0-301F-11D3-BF4B-00C04F79EFBC}") = "tic-tac-toe-api", "tic-tac-toe-api\tic-tac-toe-api.csproj", "{B291B06D-F589-48CD-A724-82A95DD6CFC4}"
EndProject
Global
	GlobalSection(SolutionConfigurationPlatforms) = preSolution
		Debug|Any CPU = Debug|Any CPU
		Release|Any CPU = Release|Any CPU
	EndGlobalSection
	GlobalSection(ProjectConfigurationPlatforms) = postSolution
		{B291B06D-F589-48CD-A724-82A95DD6CFC4}.Debug|Any CPU.ActiveCfg = Debug|Any CPU
		{B291B06D-F589-48CD-A724-82A95DD6CFC4}.Debug|Any CPU.Build.0 = Debug|Any CPU
		{B291B06D-F589-48CD-A724-82A95DD6CFC4}.Release|Any CPU.ActiveCfg = Release|Any CPU
		{B291B06D-F589-48CD-A724-82A95DD6CFC4}.Release|Any CPU.Build.0 = Release|Any CPU
	EndGlobalSection
	GlobalSection(SolutionProperties) = preSolution
		HideSolutionNode = FALSE
	EndGlobalSection
	GlobalSection(ExtensibilityGlobals) = postSolution
		SolutionGuid = {C96D8594-3546-457E-9588-F5EE36EEF1C8}
	EndGlobalSection
EndGlobal
